// !$*UTF8*$!
{
	archiveVersion = 1;
	classes = {
	};
	objectVersion = 46;
	objects = {

/* Begin PBXBuildFile section */
		B89DEF9E1B54E69F005F8321 /* fxaa.vsh in Resources */ = {isa = PBXBuildFile; fileRef = B89DEF9D1B54E69F005F8321 /* fxaa.vsh */; };
		B89DEFA01B54E6B1005F8321 /* fxaa.fsh in Resources */ = {isa = PBXBuildFile; fileRef = B89DEF9F1B54E6B1005F8321 /* fxaa.fsh */; };
		B8B338981AFB258F00740CCE /* main.m in Sources */ = {isa = PBXBuildFile; fileRef = B8B338971AFB258F00740CCE /* main.m */; };
		B8B3389B1AFB258F00740CCE /* AppDelegate.m in Sources */ = {isa = PBXBuildFile; fileRef = B8B3389A1AFB258F00740CCE /* AppDelegate.m */; };
		B8B3389D1AFB258F00740CCE /* Images.xcassets in Resources */ = {isa = PBXBuildFile; fileRef = B8B3389C1AFB258F00740CCE /* Images.xcassets */; };
		B8B338A01AFB258F00740CCE /* LaunchScreen.xib in Resources */ = {isa = PBXBuildFile; fileRef = B8B3389E1AFB258F00740CCE /* LaunchScreen.xib */; };
		B8B338AC1AFB258F00740CCE /* shadowTests.m in Sources */ = {isa = PBXBuildFile; fileRef = B8B338AB1AFB258F00740CCE /* shadowTests.m */; };
		B8B338D21AFB2A5A00740CCE /* Shader.fsh in Resources */ = {isa = PBXBuildFile; fileRef = B8B338D01AFB2A4E00740CCE /* Shader.fsh */; };
		B8B338D31AFB2A6200740CCE /* Shader.vsh in Resources */ = {isa = PBXBuildFile; fileRef = B8B338D11AFB2A4E00740CCE /* Shader.vsh */; };
		B8C148B31B67789400640395 /* AOBlurProgram.m in Sources */ = {isa = PBXBuildFile; fileRef = B8C148A41B67789400640395 /* AOBlurProgram.m */; };
		B8C148B41B67789400640395 /* DepthProgram.m in Sources */ = {isa = PBXBuildFile; fileRef = B8C148A61B67789400640395 /* DepthProgram.m */; };
		B8C148B51B67789400640395 /* DrawTextureProgram.m in Sources */ = {isa = PBXBuildFile; fileRef = B8C148A81B67789400640395 /* DrawTextureProgram.m */; };
		B8C148B61B67789400640395 /* FxaaProgram.m in Sources */ = {isa = PBXBuildFile; fileRef = B8C148AA1B67789400640395 /* FxaaProgram.m */; };
		B8C148B71B67789400640395 /* NormalProgram.m in Sources */ = {isa = PBXBuildFile; fileRef = B8C148AC1B67789400640395 /* NormalProgram.m */; };
		B8C148B81B67789400640395 /* Program.m in Sources */ = {isa = PBXBuildFile; fileRef = B8C148AE1B67789400640395 /* Program.m */; };
		B8C148B91B67789400640395 /* SSAOProgram.m in Sources */ = {isa = PBXBuildFile; fileRef = B8C148B01B67789400640395 /* SSAOProgram.m */; };
		B8C148BA1B67789400640395 /* VarianceBlur.m in Sources */ = {isa = PBXBuildFile; fileRef = B8C148B21B67789400640395 /* VarianceBlur.m */; };
		B8C148DA1B6778C800640395 /* camera.cpp in Sources */ = {isa = PBXBuildFile; fileRef = B8C148BC1B6778C800640395 /* camera.cpp */; };
		B8C148DB1B6778C800640395 /* HouseViewController.mm in Sources */ = {isa = PBXBuildFile; fileRef = B8C148C11B6778C800640395 /* HouseViewController.mm */; };
		B8C148DC1B6778C800640395 /* SkinViewController.m in Sources */ = {isa = PBXBuildFile; fileRef = B8C148C31B6778C800640395 /* SkinViewController.m */; };
		B8C148DD1B6778C800640395 /* assimpMesh.cpp in Sources */ = {isa = PBXBuildFile; fileRef = B8C148C71B6778C800640395 /* assimpMesh.cpp */; };
		B8C148DE1B6778C800640395 /* assimpModel.mm in Sources */ = {isa = PBXBuildFile; fileRef = B8C148CA1B6778C800640395 /* assimpModel.mm */; };
		B8C148DF1B6778C800640395 /* blur.fsh in Resources */ = {isa = PBXBuildFile; fileRef = B8C148CC1B6778C800640395 /* blur.fsh */; };
		B8C148E01B6778C800640395 /* blur.vsh in Resources */ = {isa = PBXBuildFile; fileRef = B8C148CD1B6778C800640395 /* blur.vsh */; };
		B8C148E11B6778C800640395 /* depth.fsh in Resources */ = {isa = PBXBuildFile; fileRef = B8C148CE1B6778C800640395 /* depth.fsh */; };
		B8C148E21B6778C800640395 /* depth.vsh in Resources */ = {isa = PBXBuildFile; fileRef = B8C148CF1B6778C800640395 /* depth.vsh */; };
		B8C148E31B6778C800640395 /* fxaa.fsh in Resources */ = {isa = PBXBuildFile; fileRef = B8C148D01B6778C800640395 /* fxaa.fsh */; };
		B8C148E41B6778C800640395 /* fxaa.vsh in Resources */ = {isa = PBXBuildFile; fileRef = B8C148D11B6778C800640395 /* fxaa.vsh */; };
		B8C148E51B6778C800640395 /* normal.fsh in Resources */ = {isa = PBXBuildFile; fileRef = B8C148D21B6778C800640395 /* normal.fsh */; };
		B8C148E61B6778C800640395 /* normal.vsh in Resources */ = {isa = PBXBuildFile; fileRef = B8C148D31B6778C800640395 /* normal.vsh */; };
		B8C148E71B6778C800640395 /* Shader.fsh in Resources */ = {isa = PBXBuildFile; fileRef = B8C148D41B6778C800640395 /* Shader.fsh */; };
		B8C148E81B6778C800640395 /* Shader.vsh in Resources */ = {isa = PBXBuildFile; fileRef = B8C148D51B6778C800640395 /* Shader.vsh */; };
		B8C148E91B6778C800640395 /* ssao.fsh in Resources */ = {isa = PBXBuildFile; fileRef = B8C148D61B6778C800640395 /* ssao.fsh */; };
		B8C148EA1B6778C800640395 /* ssao.vsh in Resources */ = {isa = PBXBuildFile; fileRef = B8C148D71B6778C800640395 /* ssao.vsh */; };
		B8C148EB1B6778C800640395 /* varianceBlur.fsh in Resources */ = {isa = PBXBuildFile; fileRef = B8C148D81B6778C800640395 /* varianceBlur.fsh */; };
		B8C148EC1B6778C800640395 /* varianceBlur.vsh in Resources */ = {isa = PBXBuildFile; fileRef = B8C148D91B6778C800640395 /* varianceBlur.vsh */; };
		B8CD41991AFB499000262B08 /* OpenGLES.framework in Frameworks */ = {isa = PBXBuildFile; fileRef = B8CD41981AFB499000262B08 /* OpenGLES.framework */; };
		B8CD419B1AFB499E00262B08 /* QuartzCore.framework in Frameworks */ = {isa = PBXBuildFile; fileRef = B8CD419A1AFB499E00262B08 /* QuartzCore.framework */; };
		B8CD419D1AFB49A800262B08 /* GLKit.framework in Frameworks */ = {isa = PBXBuildFile; fileRef = B8CD419C1AFB49A800262B08 /* GLKit.framework */; };
		B8CD419F1AFB49B000262B08 /* libz.dylib in Frameworks */ = {isa = PBXBuildFile; fileRef = B8CD419E1AFB49B000262B08 /* libz.dylib */; };
		B8CD41A11AFB49BD00262B08 /* libc++.dylib in Frameworks */ = {isa = PBXBuildFile; fileRef = B8CD41A01AFB49BD00262B08 /* libc++.dylib */; };
		B8CD41A31AFB49C700262B08 /* libstdc++.dylib in Frameworks */ = {isa = PBXBuildFile; fileRef = B8CD41A21AFB49C700262B08 /* libstdc++.dylib */; };
		B8CD41A51AFB49EA00262B08 /* libassimp.a in Frameworks */ = {isa = PBXBuildFile; fileRef = B8CD41A41AFB49EA00262B08 /* libassimp.a */; };
		B8CD41AB1AFB4DD900262B08 /* depth.fsh in Resources */ = {isa = PBXBuildFile; fileRef = B8CD41A71AFB4DD900262B08 /* depth.fsh */; };
		B8CD41AC1AFB4DD900262B08 /* depth.vsh in Resources */ = {isa = PBXBuildFile; fileRef = B8CD41A81AFB4DD900262B08 /* depth.vsh */; };
		B8CD41AD1AFB4DD900262B08 /* normal.fsh in Resources */ = {isa = PBXBuildFile; fileRef = B8CD41A91AFB4DD900262B08 /* normal.fsh */; };
		B8CD41AE1AFB4DD900262B08 /* normal.vsh in Resources */ = {isa = PBXBuildFile; fileRef = B8CD41AA1AFB4DD900262B08 /* normal.vsh */; };
		B8CD41B41AFB55CB00262B08 /* Foundation.framework in Frameworks */ = {isa = PBXBuildFile; fileRef = B8CD41B31AFB55CB00262B08 /* Foundation.framework */; };
		B8CD41B61AFB570900262B08 /* libstdc++.6.0.9.dylib in Frameworks */ = {isa = PBXBuildFile; fileRef = B8CD41B51AFB570900262B08 /* libstdc++.6.0.9.dylib */; };
		B8D7E3091B0F489100ADC31E /* ssao.vsh in Resources */ = {isa = PBXBuildFile; fileRef = B8D7E3081B0F489100ADC31E /* ssao.vsh */; };
		B8D7E30B1B0F489C00ADC31E /* ssao.fsh in Resources */ = {isa = PBXBuildFile; fileRef = B8D7E30A1B0F489C00ADC31E /* ssao.fsh */; };
		B8EA5E501B5777CD00DAD589 /* varianceBlur.fsh in Resources */ = {isa = PBXBuildFile; fileRef = B8EA5E4F1B5777CD00DAD589 /* varianceBlur.fsh */; };
		B8EA5E521B5777DB00DAD589 /* varianceBlur.vsh in Resources */ = {isa = PBXBuildFile; fileRef = B8EA5E511B5777DB00DAD589 /* varianceBlur.vsh */; };
		B8EA62971AFB7E7A00C4BC31 /* box in Resources */ = {isa = PBXBuildFile; fileRef = B8EA62961AFB7E7A00C4BC31 /* box */; };
		B8EDC4AD1B254086007AD235 /* blur.vsh in Resources */ = {isa = PBXBuildFile; fileRef = B8EDC4AC1B254086007AD235 /* blur.vsh */; };
		B8EDC4AF1B25409C007AD235 /* blur.fsh in Resources */ = {isa = PBXBuildFile; fileRef = B8EDC4AE1B25409C007AD235 /* blur.fsh */; };
/* End PBXBuildFile section */

/* Begin PBXContainerItemProxy section */
		B8B338A61AFB258F00740CCE /* PBXContainerItemProxy */ = {
			isa = PBXContainerItemProxy;
			containerPortal = B8B3388A1AFB258F00740CCE /* Project object */;
			proxyType = 1;
			remoteGlobalIDString = B8B338911AFB258F00740CCE;
			remoteInfo = shadow;
		};
/* End PBXContainerItemProxy section */

/* Begin PBXFileReference section */
		B89DEF9D1B54E69F005F8321 /* fxaa.vsh */ = {isa = PBXFileReference; fileEncoding = 4; lastKnownFileType = sourcecode.glsl; path = fxaa.vsh; sourceTree = "<group>"; };
		B89DEF9F1B54E6B1005F8321 /* fxaa.fsh */ = {isa = PBXFileReference; fileEncoding = 4; lastKnownFileType = sourcecode.glsl; path = fxaa.fsh; sourceTree = "<group>"; };
		B8B338921AFB258F00740CCE /* shadow.app */ = {isa = PBXFileReference; explicitFileType = wrapper.application; includeInIndex = 0; path = shadow.app; sourceTree = BUILT_PRODUCTS_DIR; };
		B8B338961AFB258F00740CCE /* Info.plist */ = {isa = PBXFileReference; lastKnownFileType = text.plist.xml; path = Info.plist; sourceTree = "<group>"; };
		B8B338971AFB258F00740CCE /* main.m */ = {isa = PBXFileReference; lastKnownFileType = sourcecode.c.objc; path = main.m; sourceTree = "<group>"; };
		B8B338991AFB258F00740CCE /* AppDelegate.h */ = {isa = PBXFileReference; lastKnownFileType = sourcecode.c.h; path = AppDelegate.h; sourceTree = "<group>"; };
		B8B3389A1AFB258F00740CCE /* AppDelegate.m */ = {isa = PBXFileReference; lastKnownFileType = sourcecode.c.objc; path = AppDelegate.m; sourceTree = "<group>"; };
		B8B3389C1AFB258F00740CCE /* Images.xcassets */ = {isa = PBXFileReference; lastKnownFileType = folder.assetcatalog; path = Images.xcassets; sourceTree = "<group>"; };
		B8B3389F1AFB258F00740CCE /* Base */ = {isa = PBXFileReference; lastKnownFileType = file.xib; name = Base; path = Base.lproj/LaunchScreen.xib; sourceTree = "<group>"; };
		B8B338A51AFB258F00740CCE /* shadowTests.xctest */ = {isa = PBXFileReference; explicitFileType = wrapper.cfbundle; includeInIndex = 0; path = shadowTests.xctest; sourceTree = BUILT_PRODUCTS_DIR; };
		B8B338AA1AFB258F00740CCE /* Info.plist */ = {isa = PBXFileReference; lastKnownFileType = text.plist.xml; path = Info.plist; sourceTree = "<group>"; };
		B8B338AB1AFB258F00740CCE /* shadowTests.m */ = {isa = PBXFileReference; lastKnownFileType = sourcecode.c.objc; path = shadowTests.m; sourceTree = "<group>"; };
		B8B338D01AFB2A4E00740CCE /* Shader.fsh */ = {isa = PBXFileReference; lastKnownFileType = sourcecode.glsl; path = Shader.fsh; sourceTree = "<group>"; };
		B8B338D11AFB2A4E00740CCE /* Shader.vsh */ = {isa = PBXFileReference; lastKnownFileType = sourcecode.glsl; path = Shader.vsh; sourceTree = "<group>"; };
		B8C148A31B67789400640395 /* AOBlurProgram.h */ = {isa = PBXFileReference; fileEncoding = 4; lastKnownFileType = sourcecode.c.h; path = AOBlurProgram.h; sourceTree = "<group>"; };
		B8C148A41B67789400640395 /* AOBlurProgram.m */ = {isa = PBXFileReference; fileEncoding = 4; lastKnownFileType = sourcecode.c.objc; path = AOBlurProgram.m; sourceTree = "<group>"; };
		B8C148A51B67789400640395 /* DepthProgram.h */ = {isa = PBXFileReference; fileEncoding = 4; lastKnownFileType = sourcecode.c.h; path = DepthProgram.h; sourceTree = "<group>"; };
		B8C148A61B67789400640395 /* DepthProgram.m */ = {isa = PBXFileReference; fileEncoding = 4; lastKnownFileType = sourcecode.c.objc; path = DepthProgram.m; sourceTree = "<group>"; };
		B8C148A71B67789400640395 /* DrawTextureProgram.h */ = {isa = PBXFileReference; fileEncoding = 4; lastKnownFileType = sourcecode.c.h; path = DrawTextureProgram.h; sourceTree = "<group>"; };
		B8C148A81B67789400640395 /* DrawTextureProgram.m */ = {isa = PBXFileReference; fileEncoding = 4; lastKnownFileType = sourcecode.c.objc; path = DrawTextureProgram.m; sourceTree = "<group>"; };
		B8C148A91B67789400640395 /* FxaaProgram.h */ = {isa = PBXFileReference; fileEncoding = 4; lastKnownFileType = sourcecode.c.h; path = FxaaProgram.h; sourceTree = "<group>"; };
		B8C148AA1B67789400640395 /* FxaaProgram.m */ = {isa = PBXFileReference; fileEncoding = 4; lastKnownFileType = sourcecode.c.objc; path = FxaaProgram.m; sourceTree = "<group>"; };
		B8C148AB1B67789400640395 /* NormalProgram.h */ = {isa = PBXFileReference; fileEncoding = 4; lastKnownFileType = sourcecode.c.h; path = NormalProgram.h; sourceTree = "<group>"; };
		B8C148AC1B67789400640395 /* NormalProgram.m */ = {isa = PBXFileReference; fileEncoding = 4; lastKnownFileType = sourcecode.c.objc; path = NormalProgram.m; sourceTree = "<group>"; };
		B8C148AD1B67789400640395 /* Program.h */ = {isa = PBXFileReference; fileEncoding = 4; lastKnownFileType = sourcecode.c.h; path = Program.h; sourceTree = "<group>"; };
		B8C148AE1B67789400640395 /* Program.m */ = {isa = PBXFileReference; fileEncoding = 4; lastKnownFileType = sourcecode.c.objc; path = Program.m; sourceTree = "<group>"; };
		B8C148AF1B67789400640395 /* SSAOProgram.h */ = {isa = PBXFileReference; fileEncoding = 4; lastKnownFileType = sourcecode.c.h; path = SSAOProgram.h; sourceTree = "<group>"; };
		B8C148B01B67789400640395 /* SSAOProgram.m */ = {isa = PBXFileReference; fileEncoding = 4; lastKnownFileType = sourcecode.c.objc; path = SSAOProgram.m; sourceTree = "<group>"; };
		B8C148B11B67789400640395 /* VarianceBlur.h */ = {isa = PBXFileReference; fileEncoding = 4; lastKnownFileType = sourcecode.c.h; path = VarianceBlur.h; sourceTree = "<group>"; };
		B8C148B21B67789400640395 /* VarianceBlur.m */ = {isa = PBXFileReference; fileEncoding = 4; lastKnownFileType = sourcecode.c.objc; path = VarianceBlur.m; sourceTree = "<group>"; };
		B8C148BC1B6778C800640395 /* camera.cpp */ = {isa = PBXFileReference; fileEncoding = 4; lastKnownFileType = sourcecode.cpp.cpp; path = camera.cpp; sourceTree = "<group>"; };
		B8C148BD1B6778C800640395 /* camera.h */ = {isa = PBXFileReference; fileEncoding = 4; lastKnownFileType = sourcecode.c.h; path = camera.h; sourceTree = "<group>"; };
		B8C148C01B6778C800640395 /* HouseViewController.h */ = {isa = PBXFileReference; fileEncoding = 4; lastKnownFileType = sourcecode.c.h; path = HouseViewController.h; sourceTree = "<group>"; };
		B8C148C11B6778C800640395 /* HouseViewController.mm */ = {isa = PBXFileReference; fileEncoding = 4; lastKnownFileType = sourcecode.cpp.objcpp; path = HouseViewController.mm; sourceTree = "<group>"; };
		B8C148C21B6778C800640395 /* SkinViewController.h */ = {isa = PBXFileReference; fileEncoding = 4; lastKnownFileType = sourcecode.c.h; path = SkinViewController.h; sourceTree = "<group>"; };
		B8C148C31B6778C800640395 /* SkinViewController.m */ = {isa = PBXFileReference; fileEncoding = 4; lastKnownFileType = sourcecode.c.objc; path = SkinViewController.m; sourceTree = "<group>"; };
		B8C148C71B6778C800640395 /* assimpMesh.cpp */ = {isa = PBXFileReference; fileEncoding = 4; lastKnownFileType = sourcecode.cpp.cpp; path = assimpMesh.cpp; sourceTree = "<group>"; };
		B8C148C81B6778C800640395 /* assimpMesh.h */ = {isa = PBXFileReference; fileEncoding = 4; lastKnownFileType = sourcecode.c.h; path = assimpMesh.h; sourceTree = "<group>"; };
		B8C148C91B6778C800640395 /* assimpModel.h */ = {isa = PBXFileReference; fileEncoding = 4; lastKnownFileType = sourcecode.c.h; path = assimpModel.h; sourceTree = "<group>"; };
		B8C148CA1B6778C800640395 /* assimpModel.mm */ = {isa = PBXFileReference; fileEncoding = 4; lastKnownFileType = sourcecode.cpp.objcpp; path = assimpModel.mm; sourceTree = "<group>"; };
		B8C148CC1B6778C800640395 /* blur.fsh */ = {isa = PBXFileReference; fileEncoding = 4; lastKnownFileType = sourcecode.glsl; path = blur.fsh; sourceTree = "<group>"; };
		B8C148CD1B6778C800640395 /* blur.vsh */ = {isa = PBXFileReference; fileEncoding = 4; lastKnownFileType = sourcecode.glsl; path = blur.vsh; sourceTree = "<group>"; };
		B8C148CE1B6778C800640395 /* depth.fsh */ = {isa = PBXFileReference; fileEncoding = 4; lastKnownFileType = sourcecode.glsl; path = depth.fsh; sourceTree = "<group>"; };
		B8C148CF1B6778C800640395 /* depth.vsh */ = {isa = PBXFileReference; fileEncoding = 4; lastKnownFileType = sourcecode.glsl; path = depth.vsh; sourceTree = "<group>"; };
		B8C148D01B6778C800640395 /* fxaa.fsh */ = {isa = PBXFileReference; fileEncoding = 4; lastKnownFileType = sourcecode.glsl; path = fxaa.fsh; sourceTree = "<group>"; };
		B8C148D11B6778C800640395 /* fxaa.vsh */ = {isa = PBXFileReference; fileEncoding = 4; lastKnownFileType = sourcecode.glsl; path = fxaa.vsh; sourceTree = "<group>"; };
		B8C148D21B6778C800640395 /* normal.fsh */ = {isa = PBXFileReference; fileEncoding = 4; lastKnownFileType = sourcecode.glsl; path = normal.fsh; sourceTree = "<group>"; };
		B8C148D31B6778C800640395 /* normal.vsh */ = {isa = PBXFileReference; fileEncoding = 4; lastKnownFileType = sourcecode.glsl; path = normal.vsh; sourceTree = "<group>"; };
		B8C148D41B6778C800640395 /* Shader.fsh */ = {isa = PBXFileReference; fileEncoding = 4; lastKnownFileType = sourcecode.glsl; path = Shader.fsh; sourceTree = "<group>"; };
		B8C148D51B6778C800640395 /* Shader.vsh */ = {isa = PBXFileReference; fileEncoding = 4; lastKnownFileType = sourcecode.glsl; path = Shader.vsh; sourceTree = "<group>"; };
		B8C148D61B6778C800640395 /* ssao.fsh */ = {isa = PBXFileReference; fileEncoding = 4; lastKnownFileType = sourcecode.glsl; path = ssao.fsh; sourceTree = "<group>"; };
		B8C148D71B6778C800640395 /* ssao.vsh */ = {isa = PBXFileReference; fileEncoding = 4; lastKnownFileType = sourcecode.glsl; path = ssao.vsh; sourceTree = "<group>"; };
		B8C148D81B6778C800640395 /* varianceBlur.fsh */ = {isa = PBXFileReference; fileEncoding = 4; lastKnownFileType = sourcecode.glsl; path = varianceBlur.fsh; sourceTree = "<group>"; };
		B8C148D91B6778C800640395 /* varianceBlur.vsh */ = {isa = PBXFileReference; fileEncoding = 4; lastKnownFileType = sourcecode.glsl; path = varianceBlur.vsh; sourceTree = "<group>"; };
		B8CD41981AFB499000262B08 /* OpenGLES.framework */ = {isa = PBXFileReference; lastKnownFileType = wrapper.framework; name = OpenGLES.framework; path = System/Library/Frameworks/OpenGLES.framework; sourceTree = SDKROOT; };
		B8CD419A1AFB499E00262B08 /* QuartzCore.framework */ = {isa = PBXFileReference; lastKnownFileType = wrapper.framework; name = QuartzCore.framework; path = System/Library/Frameworks/QuartzCore.framework; sourceTree = SDKROOT; };
		B8CD419C1AFB49A800262B08 /* GLKit.framework */ = {isa = PBXFileReference; lastKnownFileType = wrapper.framework; name = GLKit.framework; path = System/Library/Frameworks/GLKit.framework; sourceTree = SDKROOT; };
		B8CD419E1AFB49B000262B08 /* libz.dylib */ = {isa = PBXFileReference; lastKnownFileType = "compiled.mach-o.dylib"; name = libz.dylib; path = usr/lib/libz.dylib; sourceTree = SDKROOT; };
		B8CD41A01AFB49BD00262B08 /* libc++.dylib */ = {isa = PBXFileReference; lastKnownFileType = "compiled.mach-o.dylib"; name = "libc++.dylib"; path = "usr/lib/libc++.dylib"; sourceTree = SDKROOT; };
		B8CD41A21AFB49C700262B08 /* libstdc++.dylib */ = {isa = PBXFileReference; lastKnownFileType = "compiled.mach-o.dylib"; name = "libstdc++.dylib"; path = "usr/lib/libstdc++.dylib"; sourceTree = SDKROOT; };
		B8CD41A41AFB49EA00262B08 /* libassimp.a */ = {isa = PBXFileReference; lastKnownFileType = archive.ar; name = libassimp.a; path = shadow/libassimp.a; sourceTree = "<group>"; };
		B8CD41A71AFB4DD900262B08 /* depth.fsh */ = {isa = PBXFileReference; fileEncoding = 4; lastKnownFileType = sourcecode.glsl; path = depth.fsh; sourceTree = "<group>"; };
		B8CD41A81AFB4DD900262B08 /* depth.vsh */ = {isa = PBXFileReference; fileEncoding = 4; lastKnownFileType = sourcecode.glsl; path = depth.vsh; sourceTree = "<group>"; };
		B8CD41A91AFB4DD900262B08 /* normal.fsh */ = {isa = PBXFileReference; fileEncoding = 4; lastKnownFileType = sourcecode.glsl; path = normal.fsh; sourceTree = "<group>"; };
		B8CD41AA1AFB4DD900262B08 /* normal.vsh */ = {isa = PBXFileReference; fileEncoding = 4; lastKnownFileType = sourcecode.glsl; path = normal.vsh; sourceTree = "<group>"; };
		B8CD41B31AFB55CB00262B08 /* Foundation.framework */ = {isa = PBXFileReference; lastKnownFileType = wrapper.framework; name = Foundation.framework; path = System/Library/Frameworks/Foundation.framework; sourceTree = SDKROOT; };
		B8CD41B51AFB570900262B08 /* libstdc++.6.0.9.dylib */ = {isa = PBXFileReference; lastKnownFileType = "compiled.mach-o.dylib"; name = "libstdc++.6.0.9.dylib"; path = "usr/lib/libstdc++.6.0.9.dylib"; sourceTree = SDKROOT; };
		B8D7E3081B0F489100ADC31E /* ssao.vsh */ = {isa = PBXFileReference; fileEncoding = 4; lastKnownFileType = sourcecode.glsl; path = ssao.vsh; sourceTree = "<group>"; };
		B8D7E30A1B0F489C00ADC31E /* ssao.fsh */ = {isa = PBXFileReference; fileEncoding = 4; lastKnownFileType = sourcecode.glsl; path = ssao.fsh; sourceTree = "<group>"; };
		B8EA5E4F1B5777CD00DAD589 /* varianceBlur.fsh */ = {isa = PBXFileReference; fileEncoding = 4; lastKnownFileType = sourcecode.glsl; path = varianceBlur.fsh; sourceTree = "<group>"; };
		B8EA5E511B5777DB00DAD589 /* varianceBlur.vsh */ = {isa = PBXFileReference; fileEncoding = 4; lastKnownFileType = sourcecode.glsl; path = varianceBlur.vsh; sourceTree = "<group>"; };
		B8EA62961AFB7E7A00C4BC31 /* box */ = {isa = PBXFileReference; lastKnownFileType = folder; name = box; path = shadow/box; sourceTree = "<group>"; };
		B8EDC4AC1B254086007AD235 /* blur.vsh */ = {isa = PBXFileReference; fileEncoding = 4; lastKnownFileType = sourcecode.glsl; path = blur.vsh; sourceTree = "<group>"; };
		B8EDC4AE1B25409C007AD235 /* blur.fsh */ = {isa = PBXFileReference; fileEncoding = 4; lastKnownFileType = sourcecode.glsl; path = blur.fsh; sourceTree = "<group>"; };
/* End PBXFileReference section */

/* Begin PBXFrameworksBuildPhase section */
		B8B3388F1AFB258F00740CCE /* Frameworks */ = {
			isa = PBXFrameworksBuildPhase;
			buildActionMask = 2147483647;
			files = (
				B8CD41B61AFB570900262B08 /* libstdc++.6.0.9.dylib in Frameworks */,
				B8CD41B41AFB55CB00262B08 /* Foundation.framework in Frameworks */,
				B8CD41A51AFB49EA00262B08 /* libassimp.a in Frameworks */,
				B8CD41A31AFB49C700262B08 /* libstdc++.dylib in Frameworks */,
				B8CD41A11AFB49BD00262B08 /* libc++.dylib in Frameworks */,
				B8CD419F1AFB49B000262B08 /* libz.dylib in Frameworks */,
				B8CD419D1AFB49A800262B08 /* GLKit.framework in Frameworks */,
				B8CD419B1AFB499E00262B08 /* QuartzCore.framework in Frameworks */,
				B8CD41991AFB499000262B08 /* OpenGLES.framework in Frameworks */,
			);
			runOnlyForDeploymentPostprocessing = 0;
		};
		B8B338A21AFB258F00740CCE /* Frameworks */ = {
			isa = PBXFrameworksBuildPhase;
			buildActionMask = 2147483647;
			files = (
			);
			runOnlyForDeploymentPostprocessing = 0;
		};
/* End PBXFrameworksBuildPhase section */

/* Begin PBXGroup section */
		B8B338891AFB258F00740CCE = {
			isa = PBXGroup;
			children = (
				B8EA62961AFB7E7A00C4BC31 /* box */,
				B8CD41A61AFB49F200262B08 /* frameworks */,
				B8B338CF1AFB2A4E00740CCE /* shaders */,
				B8B338941AFB258F00740CCE /* shadow */,
				B8B338A81AFB258F00740CCE /* shadowTests */,
				B8B338931AFB258F00740CCE /* Products */,
			);
			sourceTree = "<group>";
		};
		B8B338931AFB258F00740CCE /* Products */ = {
			isa = PBXGroup;
			children = (
				B8B338921AFB258F00740CCE /* shadow.app */,
				B8B338A51AFB258F00740CCE /* shadowTests.xctest */,
			);
			name = Products;
			sourceTree = "<group>";
		};
		B8B338941AFB258F00740CCE /* shadow */ = {
			isa = PBXGroup;
			children = (
				B8C148BB1B6778C800640395 /* camera */,
				B8C148BE1B6778C800640395 /* classes */,
				B8C148C61B6778C800640395 /* objLoader */,
				B8C148CB1B6778C800640395 /* shaders */,
				B8C148A01B67789400640395 /* graphic */,
				B8B338951AFB258F00740CCE /* Supporting Files */,
			);
			path = shadow;
			sourceTree = "<group>";
		};
		B8B338951AFB258F00740CCE /* Supporting Files */ = {
			isa = PBXGroup;
			children = (
				B8B338991AFB258F00740CCE /* AppDelegate.h */,
				B8B3389A1AFB258F00740CCE /* AppDelegate.m */,
				B8B3389C1AFB258F00740CCE /* Images.xcassets */,
				B8B3389E1AFB258F00740CCE /* LaunchScreen.xib */,
				B8B338961AFB258F00740CCE /* Info.plist */,
				B8B338971AFB258F00740CCE /* main.m */,
			);
			name = "Supporting Files";
			sourceTree = "<group>";
		};
		B8B338A81AFB258F00740CCE /* shadowTests */ = {
			isa = PBXGroup;
			children = (
				B8B338AB1AFB258F00740CCE /* shadowTests.m */,
				B8B338A91AFB258F00740CCE /* Supporting Files */,
			);
			path = shadowTests;
			sourceTree = "<group>";
		};
		B8B338A91AFB258F00740CCE /* Supporting Files */ = {
			isa = PBXGroup;
			children = (
				B8B338AA1AFB258F00740CCE /* Info.plist */,
			);
			name = "Supporting Files";
			sourceTree = "<group>";
		};
		B8B338CF1AFB2A4E00740CCE /* shaders */ = {
			isa = PBXGroup;
			children = (
				B8CD41A71AFB4DD900262B08 /* depth.fsh */,
				B8CD41A81AFB4DD900262B08 /* depth.vsh */,
				B8CD41A91AFB4DD900262B08 /* normal.fsh */,
				B8CD41AA1AFB4DD900262B08 /* normal.vsh */,
				B8B338D01AFB2A4E00740CCE /* Shader.fsh */,
				B8B338D11AFB2A4E00740CCE /* Shader.vsh */,
				B8D7E3081B0F489100ADC31E /* ssao.vsh */,
				B8D7E30A1B0F489C00ADC31E /* ssao.fsh */,
				B8EDC4AC1B254086007AD235 /* blur.vsh */,
				B8EDC4AE1B25409C007AD235 /* blur.fsh */,
				B89DEF9D1B54E69F005F8321 /* fxaa.vsh */,
				B89DEF9F1B54E6B1005F8321 /* fxaa.fsh */,
				B8EA5E4F1B5777CD00DAD589 /* varianceBlur.fsh */,
				B8EA5E511B5777DB00DAD589 /* varianceBlur.vsh */,
			);
			name = shaders;
			path = shadow/Shaders;
			sourceTree = "<group>";
		};
		B8C148A01B67789400640395 /* graphic */ = {
			isa = PBXGroup;
			children = (
				B8C148A11B67789400640395 /* core */,
				B8C148A21B67789400640395 /* program */,
			);
			path = graphic;
			sourceTree = "<group>";
		};
		B8C148A11B67789400640395 /* core */ = {
			isa = PBXGroup;
			children = (
			);
			path = core;
			sourceTree = "<group>";
		};
		B8C148A21B67789400640395 /* program */ = {
			isa = PBXGroup;
			children = (
				B8C148A31B67789400640395 /* AOBlurProgram.h */,
				B8C148A41B67789400640395 /* AOBlurProgram.m */,
				B8C148A51B67789400640395 /* DepthProgram.h */,
				B8C148A61B67789400640395 /* DepthProgram.m */,
				B8C148A71B67789400640395 /* DrawTextureProgram.h */,
				B8C148A81B67789400640395 /* DrawTextureProgram.m */,
				B8C148A91B67789400640395 /* FxaaProgram.h */,
				B8C148AA1B67789400640395 /* FxaaProgram.m */,
				B8C148AB1B67789400640395 /* NormalProgram.h */,
				B8C148AC1B67789400640395 /* NormalProgram.m */,
				B8C148AD1B67789400640395 /* Program.h */,
				B8C148AE1B67789400640395 /* Program.m */,
				B8C148AF1B67789400640395 /* SSAOProgram.h */,
				B8C148B01B67789400640395 /* SSAOProgram.m */,
				B8C148B11B67789400640395 /* VarianceBlur.h */,
				B8C148B21B67789400640395 /* VarianceBlur.m */,
			);
			path = program;
			sourceTree = "<group>";
		};
		B8C148BB1B6778C800640395 /* camera */ = {
			isa = PBXGroup;
			children = (
				B8C148BC1B6778C800640395 /* camera.cpp */,
				B8C148BD1B6778C800640395 /* camera.h */,
			);
			path = camera;
			sourceTree = "<group>";
		};
		B8C148BE1B6778C800640395 /* classes */ = {
			isa = PBXGroup;
			children = (
				B8C148BF1B6778C800640395 /* controllers */,
				B8C148C41B6778C800640395 /* models */,
				B8C148C51B6778C800640395 /* views */,
			);
			path = classes;
			sourceTree = "<group>";
		};
		B8C148BF1B6778C800640395 /* controllers */ = {
			isa = PBXGroup;
			children = (
				B8C148C01B6778C800640395 /* HouseViewController.h */,
				B8C148C11B6778C800640395 /* HouseViewController.mm */,
				B8C148C21B6778C800640395 /* SkinViewController.h */,
				B8C148C31B6778C800640395 /* SkinViewController.m */,
			);
			path = controllers;
			sourceTree = "<group>";
		};
		B8C148C41B6778C800640395 /* models */ = {
			isa = PBXGroup;
			children = (
			);
			path = models;
			sourceTree = "<group>";
		};
		B8C148C51B6778C800640395 /* views */ = {
			isa = PBXGroup;
			children = (
			);
			path = views;
			sourceTree = "<group>";
		};
		B8C148C61B6778C800640395 /* objLoader */ = {
			isa = PBXGroup;
			children = (
				B8C148C71B6778C800640395 /* assimpMesh.cpp */,
				B8C148C81B6778C800640395 /* assimpMesh.h */,
				B8C148C91B6778C800640395 /* assimpModel.h */,
				B8C148CA1B6778C800640395 /* assimpModel.mm */,
			);
			path = objLoader;
			sourceTree = "<group>";
		};
		B8C148CB1B6778C800640395 /* shaders */ = {
			isa = PBXGroup;
			children = (
				B8C148CC1B6778C800640395 /* blur.fsh */,
				B8C148CD1B6778C800640395 /* blur.vsh */,
				B8C148CE1B6778C800640395 /* depth.fsh */,
				B8C148CF1B6778C800640395 /* depth.vsh */,
				B8C148D01B6778C800640395 /* fxaa.fsh */,
				B8C148D11B6778C800640395 /* fxaa.vsh */,
				B8C148D21B6778C800640395 /* normal.fsh */,
				B8C148D31B6778C800640395 /* normal.vsh */,
				B8C148D41B6778C800640395 /* Shader.fsh */,
				B8C148D51B6778C800640395 /* Shader.vsh */,
				B8C148D61B6778C800640395 /* ssao.fsh */,
				B8C148D71B6778C800640395 /* ssao.vsh */,
				B8C148D81B6778C800640395 /* varianceBlur.fsh */,
				B8C148D91B6778C800640395 /* varianceBlur.vsh */,
			);
			path = shaders;
			sourceTree = "<group>";
		};
		B8CD41A61AFB49F200262B08 /* frameworks */ = {
			isa = PBXGroup;
			children = (
				B8CD41B51AFB570900262B08 /* libstdc++.6.0.9.dylib */,
				B8CD41B31AFB55CB00262B08 /* Foundation.framework */,
				B8CD41A41AFB49EA00262B08 /* libassimp.a */,
				B8CD41A21AFB49C700262B08 /* libstdc++.dylib */,
				B8CD41A01AFB49BD00262B08 /* libc++.dylib */,
				B8CD419E1AFB49B000262B08 /* libz.dylib */,
				B8CD419C1AFB49A800262B08 /* GLKit.framework */,
				B8CD419A1AFB499E00262B08 /* QuartzCore.framework */,
				B8CD41981AFB499000262B08 /* OpenGLES.framework */,
			);
			name = frameworks;
			sourceTree = "<group>";
		};
/* End PBXGroup section */

/* Begin PBXNativeTarget section */
		B8B338911AFB258F00740CCE /* shadow */ = {
			isa = PBXNativeTarget;
			buildConfigurationList = B8B338AF1AFB258F00740CCE /* Build configuration list for PBXNativeTarget "shadow" */;
			buildPhases = (
				B8B3388E1AFB258F00740CCE /* Sources */,
				B8B3388F1AFB258F00740CCE /* Frameworks */,
				B8B338901AFB258F00740CCE /* Resources */,
			);
			buildRules = (
			);
			dependencies = (
			);
			name = shadow;
			productName = shadow;
			productReference = B8B338921AFB258F00740CCE /* shadow.app */;
			productType = "com.apple.product-type.application";
		};
		B8B338A41AFB258F00740CCE /* shadowTests */ = {
			isa = PBXNativeTarget;
			buildConfigurationList = B8B338B21AFB258F00740CCE /* Build configuration list for PBXNativeTarget "shadowTests" */;
			buildPhases = (
				B8B338A11AFB258F00740CCE /* Sources */,
				B8B338A21AFB258F00740CCE /* Frameworks */,
				B8B338A31AFB258F00740CCE /* Resources */,
			);
			buildRules = (
			);
			dependencies = (
				B8B338A71AFB258F00740CCE /* PBXTargetDependency */,
			);
			name = shadowTests;
			productName = shadowTests;
			productReference = B8B338A51AFB258F00740CCE /* shadowTests.xctest */;
			productType = "com.apple.product-type.bundle.unit-test";
		};
/* End PBXNativeTarget section */

/* Begin PBXProject section */
		B8B3388A1AFB258F00740CCE /* Project object */ = {
			isa = PBXProject;
			attributes = {
				LastUpgradeCheck = 0630;
				ORGANIZATIONNAME = iaccepted;
				TargetAttributes = {
					B8B338911AFB258F00740CCE = {
						CreatedOnToolsVersion = 6.3;
					};
					B8B338A41AFB258F00740CCE = {
						CreatedOnToolsVersion = 6.3;
						TestTargetID = B8B338911AFB258F00740CCE;
					};
				};
			};
			buildConfigurationList = B8B3388D1AFB258F00740CCE /* Build configuration list for PBXProject "shadow" */;
			compatibilityVersion = "Xcode 3.2";
			developmentRegion = English;
			hasScannedForEncodings = 0;
			knownRegions = (
				en,
				Base,
			);
			mainGroup = B8B338891AFB258F00740CCE;
			productRefGroup = B8B338931AFB258F00740CCE /* Products */;
			projectDirPath = "";
			projectRoot = "";
			targets = (
				B8B338911AFB258F00740CCE /* shadow */,
				B8B338A41AFB258F00740CCE /* shadowTests */,
			);
		};
/* End PBXProject section */

/* Begin PBXResourcesBuildPhase section */
		B8B338901AFB258F00740CCE /* Resources */ = {
			isa = PBXResourcesBuildPhase;
			buildActionMask = 2147483647;
			files = (
				B8EA62971AFB7E7A00C4BC31 /* box in Resources */,
				B89DEF9E1B54E69F005F8321 /* fxaa.vsh in Resources */,
				B8C148E51B6778C800640395 /* normal.fsh in Resources */,
				B8D7E3091B0F489100ADC31E /* ssao.vsh in Resources */,
				B8EDC4AD1B254086007AD235 /* blur.vsh in Resources */,
				B8C148EC1B6778C800640395 /* varianceBlur.vsh in Resources */,
				B8C148EA1B6778C800640395 /* ssao.vsh in Resources */,
				B8D7E30B1B0F489C00ADC31E /* ssao.fsh in Resources */,
				B8C148EB1B6778C800640395 /* varianceBlur.fsh in Resources */,
				B8C148E71B6778C800640395 /* Shader.fsh in Resources */,
				B8C148E61B6778C800640395 /* normal.vsh in Resources */,
				B8C148E01B6778C800640395 /* blur.vsh in Resources */,
				B8CD41AD1AFB4DD900262B08 /* normal.fsh in Resources */,
				B8C148E21B6778C800640395 /* depth.vsh in Resources */,
				B8B338D31AFB2A6200740CCE /* Shader.vsh in Resources */,
				B8EDC4AF1B25409C007AD235 /* blur.fsh in Resources */,
				B8CD41AE1AFB4DD900262B08 /* normal.vsh in Resources */,
				B8C148E81B6778C800640395 /* Shader.vsh in Resources */,
				B8CD41AC1AFB4DD900262B08 /* depth.vsh in Resources */,
				B8C148E41B6778C800640395 /* fxaa.vsh in Resources */,
				B8B338D21AFB2A5A00740CCE /* Shader.fsh in Resources */,
				B8CD41AB1AFB4DD900262B08 /* depth.fsh in Resources */,
				B8EA5E521B5777DB00DAD589 /* varianceBlur.vsh in Resources */,
				B8B338A01AFB258F00740CCE /* LaunchScreen.xib in Resources */,
				B8EA5E501B5777CD00DAD589 /* varianceBlur.fsh in Resources */,
				B89DEFA01B54E6B1005F8321 /* fxaa.fsh in Resources */,
				B8C148E11B6778C800640395 /* depth.fsh in Resources */,
				B8C148E31B6778C800640395 /* fxaa.fsh in Resources */,
				B8C148E91B6778C800640395 /* ssao.fsh in Resources */,
				B8C148DF1B6778C800640395 /* blur.fsh in Resources */,
				B8B3389D1AFB258F00740CCE /* Images.xcassets in Resources */,
			);
			runOnlyForDeploymentPostprocessing = 0;
		};
		B8B338A31AFB258F00740CCE /* Resources */ = {
			isa = PBXResourcesBuildPhase;
			buildActionMask = 2147483647;
			files = (
			);
			runOnlyForDeploymentPostprocessing = 0;
		};
/* End PBXResourcesBuildPhase section */

/* Begin PBXSourcesBuildPhase section */
		B8B3388E1AFB258F00740CCE /* Sources */ = {
			isa = PBXSourcesBuildPhase;
			buildActionMask = 2147483647;
			files = (
				B8C148DA1B6778C800640395 /* camera.cpp in Sources */,
				B8C148B51B67789400640395 /* DrawTextureProgram.m in Sources */,
				B8C148B41B67789400640395 /* DepthProgram.m in Sources */,
				B8B3389B1AFB258F00740CCE /* AppDelegate.m in Sources */,
				B8C148BA1B67789400640395 /* VarianceBlur.m in Sources */,
				B8C148DE1B6778C800640395 /* assimpModel.mm in Sources */,
				B8C148B81B67789400640395 /* Program.m in Sources */,
				B8C148B91B67789400640395 /* SSAOProgram.m in Sources */,
				B8C148B31B67789400640395 /* AOBlurProgram.m in Sources */,
				B8C148DD1B6778C800640395 /* assimpMesh.cpp in Sources */,
				B8C148B61B67789400640395 /* FxaaProgram.m in Sources */,
				B8C148DB1B6778C800640395 /* HouseViewController.mm in Sources */,
				B8C148DC1B6778C800640395 /* SkinViewController.m in Sources */,
				B8B338981AFB258F00740CCE /* main.m in Sources */,
				B8C148B71B67789400640395 /* NormalProgram.m in Sources */,
			);
			runOnlyForDeploymentPostprocessing = 0;
		};
		B8B338A11AFB258F00740CCE /* Sources */ = {
			isa = PBXSourcesBuildPhase;
			buildActionMask = 2147483647;
			files = (
				B8B338AC1AFB258F00740CCE /* shadowTests.m in Sources */,
			);
			runOnlyForDeploymentPostprocessing = 0;
		};
/* End PBXSourcesBuildPhase section */

/* Begin PBXTargetDependency section */
		B8B338A71AFB258F00740CCE /* PBXTargetDependency */ = {
			isa = PBXTargetDependency;
			target = B8B338911AFB258F00740CCE /* shadow */;
			targetProxy = B8B338A61AFB258F00740CCE /* PBXContainerItemProxy */;
		};
/* End PBXTargetDependency section */

/* Begin PBXVariantGroup section */
		B8B3389E1AFB258F00740CCE /* LaunchScreen.xib */ = {
			isa = PBXVariantGroup;
			children = (
				B8B3389F1AFB258F00740CCE /* Base */,
			);
			name = LaunchScreen.xib;
			sourceTree = "<group>";
		};
/* End PBXVariantGroup section */

/* Begin XCBuildConfiguration section */
		B8B338AD1AFB258F00740CCE /* Debug */ = {
			isa = XCBuildConfiguration;
			buildSettings = {
				ALWAYS_SEARCH_USER_PATHS = NO;
				CLANG_CXX_LANGUAGE_STANDARD = "gnu++0x";
				CLANG_CXX_LIBRARY = "libc++";
				CLANG_ENABLE_MODULES = YES;
				CLANG_ENABLE_OBJC_ARC = YES;
				CLANG_WARN_BOOL_CONVERSION = YES;
				CLANG_WARN_CONSTANT_CONVERSION = YES;
				CLANG_WARN_DIRECT_OBJC_ISA_USAGE = YES_ERROR;
				CLANG_WARN_EMPTY_BODY = YES;
				CLANG_WARN_ENUM_CONVERSION = YES;
				CLANG_WARN_INT_CONVERSION = YES;
				CLANG_WARN_OBJC_ROOT_CLASS = YES_ERROR;
				CLANG_WARN_UNREACHABLE_CODE = YES;
				CLANG_WARN__DUPLICATE_METHOD_MATCH = YES;
				"CODE_SIGN_IDENTITY[sdk=iphoneos*]" = "iPhone Developer";
				COPY_PHASE_STRIP = NO;
				DEBUG_INFORMATION_FORMAT = "dwarf-with-dsym";
				ENABLE_STRICT_OBJC_MSGSEND = YES;
				GCC_C_LANGUAGE_STANDARD = gnu99;
				GCC_DYNAMIC_NO_PIC = NO;
				GCC_NO_COMMON_BLOCKS = YES;
				GCC_OPTIMIZATION_LEVEL = 0;
				GCC_PREPROCESSOR_DEFINITIONS = (
					"DEBUG=1",
					"$(inherited)",
				);
				GCC_SYMBOLS_PRIVATE_EXTERN = NO;
				GCC_WARN_64_TO_32_BIT_CONVERSION = YES;
				GCC_WARN_ABOUT_RETURN_TYPE = YES_ERROR;
				GCC_WARN_UNDECLARED_SELECTOR = YES;
				GCC_WARN_UNINITIALIZED_AUTOS = YES_AGGRESSIVE;
				GCC_WARN_UNUSED_FUNCTION = YES;
				GCC_WARN_UNUSED_VARIABLE = YES;
				IPHONEOS_DEPLOYMENT_TARGET = 8.3;
				MTL_ENABLE_DEBUG_INFO = YES;
				ONLY_ACTIVE_ARCH = YES;
				SDKROOT = iphoneos;
				TARGETED_DEVICE_FAMILY = 2;
			};
			name = Debug;
		};
		B8B338AE1AFB258F00740CCE /* Release */ = {
			isa = XCBuildConfiguration;
			buildSettings = {
				ALWAYS_SEARCH_USER_PATHS = NO;
				CLANG_CXX_LANGUAGE_STANDARD = "gnu++0x";
				CLANG_CXX_LIBRARY = "libc++";
				CLANG_ENABLE_MODULES = YES;
				CLANG_ENABLE_OBJC_ARC = YES;
				CLANG_WARN_BOOL_CONVERSION = YES;
				CLANG_WARN_CONSTANT_CONVERSION = YES;
				CLANG_WARN_DIRECT_OBJC_ISA_USAGE = YES_ERROR;
				CLANG_WARN_EMPTY_BODY = YES;
				CLANG_WARN_ENUM_CONVERSION = YES;
				CLANG_WARN_INT_CONVERSION = YES;
				CLANG_WARN_OBJC_ROOT_CLASS = YES_ERROR;
				CLANG_WARN_UNREACHABLE_CODE = YES;
				CLANG_WARN__DUPLICATE_METHOD_MATCH = YES;
				"CODE_SIGN_IDENTITY[sdk=iphoneos*]" = "iPhone Developer";
				COPY_PHASE_STRIP = NO;
				DEBUG_INFORMATION_FORMAT = "dwarf-with-dsym";
				ENABLE_NS_ASSERTIONS = NO;
				ENABLE_STRICT_OBJC_MSGSEND = YES;
				GCC_C_LANGUAGE_STANDARD = gnu99;
				GCC_NO_COMMON_BLOCKS = YES;
				GCC_WARN_64_TO_32_BIT_CONVERSION = YES;
				GCC_WARN_ABOUT_RETURN_TYPE = YES_ERROR;
				GCC_WARN_UNDECLARED_SELECTOR = YES;
				GCC_WARN_UNINITIALIZED_AUTOS = YES_AGGRESSIVE;
				GCC_WARN_UNUSED_FUNCTION = YES;
				GCC_WARN_UNUSED_VARIABLE = YES;
				IPHONEOS_DEPLOYMENT_TARGET = 8.3;
				MTL_ENABLE_DEBUG_INFO = NO;
				SDKROOT = iphoneos;
				TARGETED_DEVICE_FAMILY = 2;
				VALIDATE_PRODUCT = YES;
			};
			name = Release;
		};
		B8B338B01AFB258F00740CCE /* Debug */ = {
			isa = XCBuildConfiguration;
			buildSettings = {
				ASSETCATALOG_COMPILER_APPICON_NAME = AppIcon;
				INFOPLIST_FILE = shadow/Info.plist;
				LD_RUNPATH_SEARCH_PATHS = "$(inherited) @executable_path/Frameworks";
				LIBRARY_SEARCH_PATHS = (
					"$(inherited)",
					"$(PROJECT_DIR)/shadow",
				);
				ONLY_ACTIVE_ARCH = NO;
				PRODUCT_NAME = "$(TARGET_NAME)";
				VALID_ARCHS = armv7;
			};
			name = Debug;
		};
		B8B338B11AFB258F00740CCE /* Release */ = {
			isa = XCBuildConfiguration;
			buildSettings = {
				ASSETCATALOG_COMPILER_APPICON_NAME = AppIcon;
				INFOPLIST_FILE = shadow/Info.plist;
				LD_RUNPATH_SEARCH_PATHS = "$(inherited) @executable_path/Frameworks";
				LIBRARY_SEARCH_PATHS = (
					"$(inherited)",
					"$(PROJECT_DIR)/shadow",
				);
				ONLY_ACTIVE_ARCH = NO;
				PRODUCT_NAME = "$(TARGET_NAME)";
				VALID_ARCHS = armv7;
			};
			name = Release;
		};
		B8B338B31AFB258F00740CCE /* Debug */ = {
			isa = XCBuildConfiguration;
			buildSettings = {
				BUNDLE_LOADER = "$(TEST_HOST)";
				FRAMEWORK_SEARCH_PATHS = (
					"$(SDKROOT)/Developer/Library/Frameworks",
					"$(inherited)",
				);
				GCC_PREPROCESSOR_DEFINITIONS = (
					"DEBUG=1",
					"$(inherited)",
				);
				INFOPLIST_FILE = shadowTests/Info.plist;
				LD_RUNPATH_SEARCH_PATHS = "$(inherited) @executable_path/Frameworks @loader_path/Frameworks";
				PRODUCT_NAME = "$(TARGET_NAME)";
				TEST_HOST = "$(BUILT_PRODUCTS_DIR)/shadow.app/shadow";
			};
			name = Debug;
		};
		B8B338B41AFB258F00740CCE /* Release */ = {
			isa = XCBuildConfiguration;
			buildSettings = {
				BUNDLE_LOADER = "$(TEST_HOST)";
				FRAMEWORK_SEARCH_PATHS = (
					"$(SDKROOT)/Developer/Library/Frameworks",
					"$(inherited)",
				);
				INFOPLIST_FILE = shadowTests/Info.plist;
				LD_RUNPATH_SEARCH_PATHS = "$(inherited) @executable_path/Frameworks @loader_path/Frameworks";
				PRODUCT_NAME = "$(TARGET_NAME)";
				TEST_HOST = "$(BUILT_PRODUCTS_DIR)/shadow.app/shadow";
			};
			name = Release;
		};
/* End XCBuildConfiguration section */

/* Begin XCConfigurationList section */
		B8B3388D1AFB258F00740CCE /* Build configuration list for PBXProject "shadow" */ = {
			isa = XCConfigurationList;
			buildConfigurations = (
				B8B338AD1AFB258F00740CCE /* Debug */,
				B8B338AE1AFB258F00740CCE /* Release */,
			);
			defaultConfigurationIsVisible = 0;
			defaultConfigurationName = Release;
		};
		B8B338AF1AFB258F00740CCE /* Build configuration list for PBXNativeTarget "shadow" */ = {
			isa = XCConfigurationList;
			buildConfigurations = (
				B8B338B01AFB258F00740CCE /* Debug */,
				B8B338B11AFB258F00740CCE /* Release */,
			);
			defaultConfigurationIsVisible = 0;
			defaultConfigurationName = Release;
		};
		B8B338B21AFB258F00740CCE /* Build configuration list for PBXNativeTarget "shadowTests" */ = {
			isa = XCConfigurationList;
			buildConfigurations = (
				B8B338B31AFB258F00740CCE /* Debug */,
				B8B338B41AFB258F00740CCE /* Release */,
			);
			defaultConfigurationIsVisible = 0;
			defaultConfigurationName = Release;
		};
/* End XCConfigurationList section */
	};
	rootObject = B8B3388A1AFB258F00740CCE /* Project object */;
}
